
Microsoft Visual Studio Solution File, Format Version 12.00
# Visual Studio 14
VisualStudioVersion = 14.0.25420.1
MinimumVisualStudioVersion = 10.0.40219.1
Project("{D954291E-2A0B-460D-934E-DC6B0785DB48}") = "FacebookLogin", "FacebookLogin\FacebookLogin\FacebookLogin.shproj", "{BE9CF35A-B818-49CE-A928-954434101564}"
EndProject
Project("{FAE04EC0-301F-11D3-BF4B-00C04F79EFBC}") = "FacebookLogin.Android", "FacebookLogin\FacebookLogin.Android\FacebookLogin.Android.csproj", "{89AC6D58-9900-4DC2-82BA-5541DC6DD442}"
EndProject
Project("{FAE04EC0-301F-11D3-BF4B-00C04F79EFBC}") = "FacebookLogin.iOS", "FacebookLogin\FacebookLogin.iOS\FacebookLogin.iOS.csproj", "{BA2F9CD1-1BF7-4996-8B0C-B8BF3CC0F45D}"
EndProject
Project("{FAE04EC0-301F-11D3-BF4B-00C04F79EFBC}") = "FacebookLogin.UWP", "FacebookLogin\FacebookLogin.UWP\FacebookLogin.UWP.csproj", "{0348DB99-4623-4267-A9EF-32501C83D817}"
EndProject
Global
	GlobalSection(SharedMSBuildProjectFiles) = preSolution
		FacebookLogin\FacebookLogin\FacebookLogin.projitems*{89ac6d58-9900-4dc2-82ba-5541dc6dd442}*SharedItemsImports = 4
		FacebookLogin\FacebookLogin\FacebookLogin.projitems*{ba2f9cd1-1bf7-4996-8b0c-b8bf3cc0f45d}*SharedItemsImports = 4
		FacebookLogin\FacebookLogin\FacebookLogin.projitems*{be9cf35a-b818-49ce-a928-954434101564}*SharedItemsImports = 13
	EndGlobalSection
	GlobalSection(SolutionConfigurationPlatforms) = preSolution
		Ad-Hoc|Any CPU = Ad-Hoc|Any CPU
		Ad-Hoc|ARM = Ad-Hoc|ARM
		Ad-Hoc|iPhone = Ad-Hoc|iPhone
		Ad-Hoc|iPhoneSimulator = Ad-Hoc|iPhoneSimulator
		Ad-Hoc|x64 = Ad-Hoc|x64
		Ad-Hoc|x86 = Ad-Hoc|x86
		AppStore|Any CPU = AppStore|Any CPU
		AppStore|ARM = AppStore|ARM
		AppStore|iPhone = AppStore|iPhone
		AppStore|iPhoneSimulator = AppStore|iPhoneSimulator
		AppStore|x64 = AppStore|x64
		AppStore|x86 = AppStore|x86
		Debug|Any CPU = Debug|Any CPU
		Debug|ARM = Debug|ARM
		Debug|iPhone = Debug|iPhone
		Debug|iPhoneSimulator = Debug|iPhoneSimulator
		Debug|x64 = Debug|x64
		Debug|x86 = Debug|x86
		Release|Any CPU = Release|Any CPU
		Release|ARM = Release|ARM
		Release|iPhone = Release|iPhone
		Release|iPhoneSimulator = Release|iPhoneSimulator
		Release|x64 = Release|x64
		Release|x86 = Release|x86
	EndGlobalSection
	GlobalSection(ProjectConfigurationPlatforms) = postSolution
		{89AC6D58-9900-4DC2-82BA-5541DC6DD442}.Ad-Hoc|Any CPU.ActiveCfg = Release|Any CPU
		{89AC6D58-9900-4DC2-82BA-5541DC6DD442}.Ad-Hoc|Any CPU.Build.0 = Release|Any CPU
		{89AC6D58-9900-4DC2-82BA-5541DC6DD442}.Ad-Hoc|Any CPU.Deploy.0 = Release|Any CPU
		{89AC6D58-9900-4DC2-82BA-5541DC6DD442}.Ad-Hoc|ARM.ActiveCfg = Release|Any CPU
		{89AC6D58-9900-4DC2-82BA-5541DC6DD442}.Ad-Hoc|ARM.Build.0 = Release|Any CPU
		{89AC6D58-9900-4DC2-82BA-5541DC6DD442}.Ad-Hoc|ARM.Deploy.0 = Release|Any CPU
		{89AC6D58-9900-4DC2-82BA-5541DC6DD442}.Ad-Hoc|iPhone.ActiveCfg = Release|Any CPU
		{89AC6D58-9900-4DC2-82BA-5541DC6DD442}.Ad-Hoc|iPhone.Build.0 = Release|Any CPU
		{89AC6D58-9900-4DC2-82BA-5541DC6DD442}.Ad-Hoc|iPhone.Deploy.0 = Release|Any CPU
		{89AC6D58-9900-4DC2-82BA-5541DC6DD442}.Ad-Hoc|iPhoneSimulator.ActiveCfg = Release|Any CPU
		{89AC6D58-9900-4DC2-82BA-5541DC6DD442}.Ad-Hoc|iPhoneSimulator.Build.0 = Release|Any CPU
		{89AC6D58-9900-4DC2-82BA-5541DC6DD442}.Ad-Hoc|iPhoneSimulator.Deploy.0 = Release|Any CPU
		{89AC6D58-9900-4DC2-82BA-5541DC6DD442}.Ad-Hoc|x64.ActiveCfg = Release|Any CPU
		{89AC6D58-9900-4DC2-82BA-5541DC6DD442}.Ad-Hoc|x64.Build.0 = Release|Any CPU
		{89AC6D58-9900-4DC2-82BA-5541DC6DD442}.Ad-Hoc|x64.Deploy.0 = Release|Any CPU
		{89AC6D58-9900-4DC2-82BA-5541DC6DD442}.Ad-Hoc|x86.ActiveCfg = Release|Any CPU
		{89AC6D58-9900-4DC2-82BA-5541DC6DD442}.Ad-Hoc|x86.Build.0 = Release|Any CPU
		{89AC6D58-9900-4DC2-82BA-5541DC6DD442}.Ad-Hoc|x86.Deploy.0 = Release|Any CPU
		{89AC6D58-9900-4DC2-82BA-5541DC6DD442}.AppStore|Any CPU.ActiveCfg = Release|Any CPU
		{89AC6D58-9900-4DC2-82BA-5541DC6DD442}.AppStore|Any CPU.Build.0 = Release|Any CPU
		{89AC6D58-9900-4DC2-82BA-5541DC6DD442}.AppStore|Any CPU.Deploy.0 = Release|Any CPU
		{89AC6D58-9900-4DC2-82BA-5541DC6DD442}.AppStore|ARM.ActiveCfg = Release|Any CPU
		{89AC6D58-9900-4DC2-82BA-5541DC6DD442}.AppStore|ARM.Build.0 = Release|Any CPU
		{89AC6D58-9900-4DC2-82BA-5541DC6DD442}.AppStore|ARM.Deploy.0 = Release|Any CPU
		{89AC6D58-9900-4DC2-82BA-5541DC6DD442}.AppStore|iPhone.ActiveCfg = Release|Any CPU
		{89AC6D58-9900-4DC2-82BA-5541DC6DD442}.AppStore|iPhone.Build.0 = Release|Any CPU
		{89AC6D58-9900-4DC2-82BA-5541DC6DD442}.AppStore|iPhone.Deploy.0 = Release|Any CPU
		{89AC6D58-9900-4DC2-82BA-5541DC6DD442}.AppStore|iPhoneSimulator.ActiveCfg = Release|Any CPU
		{89AC6D58-9900-4DC2-82BA-5541DC6DD442}.AppStore|iPhoneSimulator.Build.0 = Release|Any CPU
		{89AC6D58-9900-4DC2-82BA-5541DC6DD442}.AppStore|iPhoneSimulator.Deploy.0 = Release|Any CPU
		{89AC6D58-9900-4DC2-82BA-5541DC6DD442}.AppStore|x64.ActiveCfg = Release|Any CPU
		{89AC6D58-9900-4DC2-82BA-5541DC6DD442}.AppStore|x64.Build.0 = Release|Any CPU
		{89AC6D58-9900-4DC2-82BA-5541DC6DD442}.AppStore|x64.Deploy.0 = Release|Any CPU
		{89AC6D58-9900-4DC2-82BA-5541DC6DD442}.AppStore|x86.ActiveCfg = Release|Any CPU
		{89AC6D58-9900-4DC2-82BA-5541DC6DD442}.AppStore|x86.Build.0 = Release|Any CPU
		{89AC6D58-9900-4DC2-82BA-5541DC6DD442}.AppStore|x86.Deploy.0 = Release|Any CPU
		{89AC6D58-9900-4DC2-82BA-5541DC6DD442}.Debug|Any CPU.ActiveCfg = Debug|Any CPU
		{89AC6D58-9900-4DC2-82BA-5541DC6DD442}.Debug|Any CPU.Build.0 = Debug|Any CPU
		{89AC6D58-9900-4DC2-82BA-5541DC6DD442}.Debug|Any CPU.Deploy.0 = Debug|Any CPU
		{89AC6D58-9900-4DC2-82BA-5541DC6DD442}.Debug|ARM.ActiveCfg = Debug|Any CPU
		{89AC6D58-9900-4DC2-82BA-5541DC6DD442}.Debug|ARM.Build.0 = Debug|Any CPU
		{89AC6D58-9900-4DC2-82BA-5541DC6DD442}.Debug|ARM.Deploy.0 = Debug|Any CPU
		{89AC6D58-9900-4DC2-82BA-5541DC6DD442}.Debug|iPhone.ActiveCfg = Debug|Any CPU
		{89AC6D58-9900-4DC2-82BA-5541DC6DD442}.Debug|iPhone.Build.0 = Debug|Any CPU
		{89AC6D58-9900-4DC2-82BA-5541DC6DD442}.Debug|iPhone.Deploy.0 = Debug|Any CPU
		{89AC6D58-9900-4DC2-82BA-5541DC6DD442}.Debug|iPhoneSimulator.ActiveCfg = Debug|Any CPU
		{89AC6D58-9900-4DC2-82BA-5541DC6DD442}.Debug|iPhoneSimulator.Build.0 = Debug|Any CPU
		{89AC6D58-9900-4DC2-82BA-5541DC6DD442}.Debug|iPhoneSimulator.Deploy.0 = Debug|Any CPU
		{89AC6D58-9900-4DC2-82BA-5541DC6DD442}.Debug|x64.ActiveCfg = Debug|Any CPU
		{89AC6D58-9900-4DC2-82BA-5541DC6DD442}.Debug|x64.Build.0 = Debug|Any CPU
		{89AC6D58-9900-4DC2-82BA-5541DC6DD442}.Debug|x64.Deploy.0 = Debug|Any CPU
		{89AC6D58-9900-4DC2-82BA-5541DC6DD442}.Debug|x86.ActiveCfg = Debug|Any CPU
		{89AC6D58-9900-4DC2-82BA-5541DC6DD442}.Debug|x86.Build.0 = Debug|Any CPU
		{89AC6D58-9900-4DC2-82BA-5541DC6DD442}.Debug|x86.Deploy.0 = Debug|Any CPU
		{89AC6D58-9900-4DC2-82BA-5541DC6DD442}.Release|Any CPU.ActiveCfg = Release|Any CPU
		{89AC6D58-9900-4DC2-82BA-5541DC6DD442}.Release|Any CPU.Build.0 = Release|Any CPU
		{89AC6D58-9900-4DC2-82BA-5541DC6DD442}.Release|Any CPU.Deploy.0 = Release|Any CPU
		{89AC6D58-9900-4DC2-82BA-5541DC6DD442}.Release|ARM.ActiveCfg = Release|Any CPU
		{89AC6D58-9900-4DC2-82BA-5541DC6DD442}.Release|ARM.Build.0 = Release|Any CPU
		{89AC6D58-9900-4DC2-82BA-5541DC6DD442}.Release|ARM.Deploy.0 = Release|Any CPU
		{89AC6D58-9900-4DC2-82BA-5541DC6DD442}.Release|iPhone.ActiveCfg = Release|Any CPU
		{89AC6D58-9900-4DC2-82BA-5541DC6DD442}.Release|iPhone.Build.0 = Release|Any CPU
		{89AC6D58-9900-4DC2-82BA-5541DC6DD442}.Release|iPhone.Deploy.0 = Release|Any CPU
		{89AC6D58-9900-4DC2-82BA-5541DC6DD442}.Release|iPhoneSimulator.ActiveCfg = Release|Any CPU
		{89AC6D58-9900-4DC2-82BA-5541DC6DD442}.Release|iPhoneSimulator.Build.0 = Release|Any CPU
		{89AC6D58-9900-4DC2-82BA-5541DC6DD442}.Release|iPhoneSimulator.Deploy.0 = Release|Any CPU
		{89AC6D58-9900-4DC2-82BA-5541DC6DD442}.Release|x64.ActiveCfg = Release|Any CPU
		{89AC6D58-9900-4DC2-82BA-5541DC6DD442}.Release|x64.Build.0 = Release|Any CPU
		{89AC6D58-9900-4DC2-82BA-5541DC6DD442}.Release|x64.Deploy.0 = Release|Any CPU
		{89AC6D58-9900-4DC2-82BA-5541DC6DD442}.Release|x86.ActiveCfg = Release|Any CPU
		{89AC6D58-9900-4DC2-82BA-5541DC6DD442}.Release|x86.Build.0 = Release|Any CPU
		{89AC6D58-9900-4DC2-82BA-5541DC6DD442}.Release|x86.Deploy.0 = Release|Any CPU
		{BA2F9CD1-1BF7-4996-8B0C-B8BF3CC0F45D}.Ad-Hoc|Any CPU.ActiveCfg = Ad-Hoc|iPhone
		{BA2F9CD1-1BF7-4996-8B0C-B8BF3CC0F45D}.Ad-Hoc|ARM.ActiveCfg = Ad-Hoc|iPhone
		{BA2F9CD1-1BF7-4996-8B0C-B8BF3CC0F45D}.Ad-Hoc|iPhone.ActiveCfg = Ad-Hoc|iPhone
		{BA2F9CD1-1BF7-4996-8B0C-B8BF3CC0F45D}.Ad-Hoc|iPhone.Build.0 = Ad-Hoc|iPhone
		{BA2F9CD1-1BF7-4996-8B0C-B8BF3CC0F45D}.Ad-Hoc|iPhoneSimulator.ActiveCfg = Ad-Hoc|iPhoneSimulator
		{BA2F9CD1-1BF7-4996-8B0C-B8BF3CC0F45D}.Ad-Hoc|iPhoneSimulator.Build.0 = Ad-Hoc|iPhoneSimulator
		{BA2F9CD1-1BF7-4996-8B0C-B8BF3CC0F45D}.Ad-Hoc|x64.ActiveCfg = Ad-Hoc|iPhone
		{BA2F9CD1-1BF7-4996-8B0C-B8BF3CC0F45D}.Ad-Hoc|x86.ActiveCfg = Ad-Hoc|iPhone
		{BA2F9CD1-1BF7-4996-8B0C-B8BF3CC0F45D}.AppStore|Any CPU.ActiveCfg = AppStore|iPhone
		{BA2F9CD1-1BF7-4996-8B0C-B8BF3CC0F45D}.AppStore|ARM.ActiveCfg = AppStore|iPhone
		{BA2F9CD1-1BF7-4996-8B0C-B8BF3CC0F45D}.AppStore|iPhone.ActiveCfg = AppStore|iPhone
		{BA2F9CD1-1BF7-4996-8B0C-B8BF3CC0F45D}.AppStore|iPhone.Build.0 = AppStore|iPhone
		{BA2F9CD1-1BF7-4996-8B0C-B8BF3CC0F45D}.AppStore|iPhoneSimulator.ActiveCfg = AppStore|iPhoneSimulator
		{BA2F9CD1-1BF7-4996-8B0C-B8BF3CC0F45D}.AppStore|iPhoneSimulator.Build.0 = AppStore|iPhoneSimulator
		{BA2F9CD1-1BF7-4996-8B0C-B8BF3CC0F45D}.AppStore|x64.ActiveCfg = AppStore|iPhone
		{BA2F9CD1-1BF7-4996-8B0C-B8BF3CC0F45D}.AppStore|x86.ActiveCfg = AppStore|iPhone
		{BA2F9CD1-1BF7-4996-8B0C-B8BF3CC0F45D}.Debug|Any CPU.ActiveCfg = Debug|iPhone
		{BA2F9CD1-1BF7-4996-8B0C-B8BF3CC0F45D}.Debug|ARM.ActiveCfg = Debug|iPhone
		{BA2F9CD1-1BF7-4996-8B0C-B8BF3CC0F45D}.Debug|iPhone.ActiveCfg = Debug|iPhone
		{BA2F9CD1-1BF7-4996-8B0C-B8BF3CC0F45D}.Debug|iPhone.Build.0 = Debug|iPhone
		{BA2F9CD1-1BF7-4996-8B0C-B8BF3CC0F45D}.Debug|iPhoneSimulator.ActiveCfg = Debug|iPhoneSimulator
		{BA2F9CD1-1BF7-4996-8B0C-B8BF3CC0F45D}.Debug|iPhoneSimulator.Build.0 = Debug|iPhoneSimulator
		{BA2F9CD1-1BF7-4996-8B0C-B8BF3CC0F45D}.Debug|x64.ActiveCfg = Debug|iPhone
		{BA2F9CD1-1BF7-4996-8B0C-B8BF3CC0F45D}.Debug|x86.ActiveCfg = Debug|iPhone
		{BA2F9CD1-1BF7-4996-8B0C-B8BF3CC0F45D}.Release|Any CPU.ActiveCfg = Release|iPhone
		{BA2F9CD1-1BF7-4996-8B0C-B8BF3CC0F45D}.Release|ARM.ActiveCfg = Release|iPhone
		{BA2F9CD1-1BF7-4996-8B0C-B8BF3CC0F45D}.Release|iPhone.ActiveCfg = Release|iPhone
		{BA2F9CD1-1BF7-4996-8B0C-B8BF3CC0F45D}.Release|iPhone.Build.0 = Release|iPhone
		{BA2F9CD1-1BF7-4996-8B0C-B8BF3CC0F45D}.Release|iPhoneSimulator.ActiveCfg = Release|iPhoneSimulator
		{BA2F9CD1-1BF7-4996-8B0C-B8BF3CC0F45D}.Release|iPhoneSimulator.Build.0 = Release|iPhoneSimulator
		{BA2F9CD1-1BF7-4996-8B0C-B8BF3CC0F45D}.Release|x64.ActiveCfg = Release|iPhone
		{BA2F9CD1-1BF7-4996-8B0C-B8BF3CC0F45D}.Release|x86.ActiveCfg = Release|iPhone
		{0348DB99-4623-4267-A9EF-32501C83D817}.Ad-Hoc|Any CPU.ActiveCfg = Release|x86
		{0348DB99-4623-4267-A9EF-32501C83D817}.Ad-Hoc|Any CPU.Build.0 = Release|x86
		{0348DB99-4623-4267-A9EF-32501C83D817}.Ad-Hoc|Any CPU.Deploy.0 = Release|x86
		{0348DB99-4623-4267-A9EF-32501C83D817}.Ad-Hoc|ARM.ActiveCfg = Release|ARM
		{0348DB99-4623-4267-A9EF-32501C83D817}.Ad-Hoc|ARM.Build.0 = Release|ARM
		{0348DB99-4623-4267-A9EF-32501C83D817}.Ad-Hoc|ARM.Deploy.0 = Release|ARM
		{0348DB99-4623-4267-A9EF-32501C83D817}.Ad-Hoc|iPhone.ActiveCfg = Release|x86
		{0348DB99-4623-4267-A9EF-32501C83D817}.Ad-Hoc|iPhone.Build.0 = Release|x86
		{0348DB99-4623-4267-A9EF-32501C83D817}.Ad-Hoc|iPhone.Deploy.0 = Release|x86
		{0348DB99-4623-4267-A9EF-32501C83D817}.Ad-Hoc|iPhoneSimulator.ActiveCfg = Release|x86
		{0348DB99-4623-4267-A9EF-32501C83D817}.Ad-Hoc|iPhoneSimulator.Build.0 = Release|x86
		{0348DB99-4623-4267-A9EF-32501C83D817}.Ad-Hoc|iPhoneSimulator.Deploy.0 = Release|x86
		{0348DB99-4623-4267-A9EF-32501C83D817}.Ad-Hoc|x64.ActiveCfg = Release|x64
		{0348DB99-4623-4267-A9EF-32501C83D817}.Ad-Hoc|x64.Build.0 = Release|x64
		{0348DB99-4623-4267-A9EF-32501C83D817}.Ad-Hoc|x64.Deploy.0 = Release|x64
		{0348DB99-4623-4267-A9EF-32501C83D817}.Ad-Hoc|x86.ActiveCfg = Release|x86
		{0348DB99-4623-4267-A9EF-32501C83D817}.Ad-Hoc|x86.Build.0 = Release|x86
		{0348DB99-4623-4267-A9EF-32501C83D817}.Ad-Hoc|x86.Deploy.0 = Release|x86
		{0348DB99-4623-4267-A9EF-32501C83D817}.AppStore|Any CPU.ActiveCfg = Release|x86
		{0348DB99-4623-4267-A9EF-32501C83D817}.AppStore|Any CPU.Build.0 = Release|x86
		{0348DB99-4623-4267-A9EF-32501C83D817}.AppStore|Any CPU.Deploy.0 = Release|x86
		{0348DB99-4623-4267-A9EF-32501C83D817}.AppStore|ARM.ActiveCfg = Release|ARM
		{0348DB99-4623-4267-A9EF-32501C83D817}.AppStore|ARM.Build.0 = Release|ARM
		{0348DB99-4623-4267-A9EF-32501C83D817}.AppStore|ARM.Deploy.0 = Release|ARM
		{0348DB99-4623-4267-A9EF-32501C83D817}.AppStore|iPhone.ActiveCfg = Release|x86
		{0348DB99-4623-4267-A9EF-32501C83D817}.AppStore|iPhone.Build.0 = Release|x86
		{0348DB99-4623-4267-A9EF-32501C83D817}.AppStore|iPhone.Deploy.0 = Release|x86
		{0348DB99-4623-4267-A9EF-32501C83D817}.AppStore|iPhoneSimulator.ActiveCfg = Release|x86
		{0348DB99-4623-4267-A9EF-32501C83D817}.AppStore|iPhoneSimulator.Build.0 = Release|x86
		{0348DB99-4623-4267-A9EF-32501C83D817}.AppStore|iPhoneSimulator.Deploy.0 = Release|x86
		{0348DB99-4623-4267-A9EF-32501C83D817}.AppStore|x64.ActiveCfg = Release|x64
		{0348DB99-4623-4267-A9EF-32501C83D817}.AppStore|x64.Build.0 = Release|x64
		{0348DB99-4623-4267-A9EF-32501C83D817}.AppStore|x64.Deploy.0 = Release|x64
		{0348DB99-4623-4267-A9EF-32501C83D817}.AppStore|x86.ActiveCfg = Release|x86
		{0348DB99-4623-4267-A9EF-32501C83D817}.AppStore|x86.Build.0 = Release|x86
		{0348DB99-4623-4267-A9EF-32501C83D817}.AppStore|x86.Deploy.0 = Release|x86
		{0348DB99-4623-4267-A9EF-32501C83D817}.Debug|Any CPU.ActiveCfg = Debug|x86
		{0348DB99-4623-4267-A9EF-32501C83D817}.Debug|ARM.ActiveCfg = Debug|ARM
		{0348DB99-4623-4267-A9EF-32501C83D817}.Debug|ARM.Build.0 = Debug|ARM
		{0348DB99-4623-4267-A9EF-32501C83D817}.Debug|ARM.Deploy.0 = Debug|ARM
		{0348DB99-4623-4267-A9EF-32501C83D817}.Debug|iPhone.ActiveCfg = Debug|x86
		{0348DB99-4623-4267-A9EF-32501C83D817}.Debug|iPhoneSimulator.ActiveCfg = Debug|x86
		{0348DB99-4623-4267-A9EF-32501C83D817}.Debug|x64.ActiveCfg = Debug|x64
		{0348DB99-4623-4267-A9EF-32501C83D817}.Debug|x64.Build.0 = Debug|x64
		{0348DB99-4623-4267-A9EF-32501C83D817}.Debug|x64.Deploy.0 = Debug|x64
		{0348DB99-4623-4267-A9EF-32501C83D817}.Debug|x86.ActiveCfg = Debug|x86
		{0348DB99-4623-4267-A9EF-32501C83D817}.Debug|x86.Build.0 = Debug|x86
		{0348DB99-4623-4267-A9EF-32501C83D817}.Debug|x86.Deploy.0 = Debug|x86
		{0348DB99-4623-4267-A9EF-32501C83D817}.Release|Any CPU.ActiveCfg = Release|x86
		{0348DB99-4623-4267-A9EF-32501C83D817}.Release|ARM.ActiveCfg = Release|ARM
		{0348DB99-4623-4267-A9EF-32501C83D817}.Release|ARM.Build.0 = Release|ARM
		{0348DB99-4623-4267-A9EF-32501C83D817}.Release|ARM.Deploy.0 = Release|ARM
		{0348DB99-4623-4267-A9EF-32501C83D817}.Release|iPhone.ActiveCfg = Release|x86
		{0348DB99-4623-4267-A9EF-32501C83D817}.Release|iPhoneSimulator.ActiveCfg = Release|x86
		{0348DB99-4623-4267-A9EF-32501C83D817}.Release|x64.ActiveCfg = Release|x64
		{0348DB99-4623-4267-A9EF-32501C83D817}.Release|x64.Build.0 = Release|x64
		{0348DB99-4623-4267-A9EF-32501C83D817}.Release|x64.Deploy.0 = Release|x64
		{0348DB99-4623-4267-A9EF-32501C83D817}.Release|x86.ActiveCfg = Release|x86
		{0348DB99-4623-4267-A9EF-32501C83D817}.Release|x86.Build.0 = Release|x86
		{0348DB99-4623-4267-A9EF-32501C83D817}.Release|x86.Deploy.0 = Release|x86
	EndGlobalSection
	GlobalSection(SolutionProperties) = preSolution
		HideSolutionNode = FALSE
	EndGlobalSection
EndGlobal
